
Microsoft Visual Studio Solution File, Format Version 12.00
# Visual Studio Version 16
VisualStudioVersion = 16.0.32802.440
MinimumVisualStudioVersion = 10.0.40219.1
Project("{FAE04EC0-301F-11D3-BF4B-00C04F79EFBC}") = "AplicacionGym", "AplicacionGym\AplicacionGym.csproj", "{B54004A7-EFB0-4214-96C5-9EA131F7058D}"
EndProject
Project("{FAE04EC0-301F-11D3-BF4B-00C04F79EFBC}") = "ClaseGym", "ClaseGym\ClaseGym.csproj", "{EEEE3919-7BB0-4C1A-BA13-2D3FFA6611F8}"
EndProject
Global
	GlobalSection(SolutionConfigurationPlatforms) = preSolution
		Debug|Any CPU = Debug|Any CPU
		Release|Any CPU = Release|Any CPU
	EndGlobalSection
	GlobalSection(ProjectConfigurationPlatforms) = postSolution
		{B54004A7-EFB0-4214-96C5-9EA131F7058D}.Debug|Any CPU.ActiveCfg = Debug|Any CPU
		{B54004A7-EFB0-4214-96C5-9EA131F7058D}.Debug|Any CPU.Build.0 = Debug|Any CPU
		{B54004A7-EFB0-4214-96C5-9EA131F7058D}.Release|Any CPU.ActiveCfg = Release|Any CPU
		{B54004A7-EFB0-4214-96C5-9EA131F7058D}.Release|Any CPU.Build.0 = Release|Any CPU
		{EEEE3919-7BB0-4C1A-BA13-2D3FFA6611F8}.Debug|Any CPU.ActiveCfg = Debug|Any CPU
		{EEEE3919-7BB0-4C1A-BA13-2D3FFA6611F8}.Debug|Any CPU.Build.0 = Debug|Any CPU
		{EEEE3919-7BB0-4C1A-BA13-2D3FFA6611F8}.Release|Any CPU.ActiveCfg = Release|Any CPU
		{EEEE3919-7BB0-4C1A-BA13-2D3FFA6611F8}.Release|Any CPU.Build.0 = Release|Any CPU
	EndGlobalSection
	GlobalSection(SolutionProperties) = preSolution
		HideSolutionNode = FALSE
	EndGlobalSection
	GlobalSection(ExtensibilityGlobals) = postSolution
		SolutionGuid = {735D1A3A-EC31-4347-811C-4EC437BC0080}
	EndGlobalSection
EndGlobal
